{"1.1.0",
[{<<"certifi">>,{pkg,<<"certifi">>,<<"0.7.0">>},2},
 {<<"erlastic_search">>,
  {git,"https://github.com/tsloughter/erlastic_search.git",
       {ref,"df3acef1f07e9de1984b69ec320c576d9225cf0a"}},
  0},
 {<<"hackney">>,{pkg,<<"hackney">>,<<"1.6.3">>},1},
 {<<"idna">>,{pkg,<<"idna">>,<<"1.2.0">>},2},
 {<<"iso8601">>,
  {git,"https://github.com/erlsci/iso8601.git",
       {ref,"4603fc810cacf859761c0e154590cde2ce9cc6b5"}},
  0},
 {<<"jsx">>,{pkg,<<"jsx">>,<<"2.6.2">>},1},
 {<<"metrics">>,{pkg,<<"metrics">>,<<"1.0.1">>},2},
 {<<"mimerl">>,{pkg,<<"mimerl">>,<<"1.0.2">>},2},
 {<<"ssl_verify_fun">>,{pkg,<<"ssl_verify_fun">>,<<"1.1.1">>},2}]}.
[
{pkg_hash,[
 {<<"certifi">>, <<"861A57F3808F7EB0C2D1802AFEAAE0FA5DE813B0DF0979153CBAFCD853ABABAF">>},
 {<<"hackney">>, <<"D489D7CA2D4323E307BEDC4BFE684323A7BF773ECFD77938F3EE8074E488E140">>},
 {<<"idna">>, <<"AC62EE99DA068F43C50DC69ACF700E03A62A348360126260E87F2B54ECED86B2">>},
 {<<"jsx">>, <<"213721E058DA0587A4BCE3CC8A00FF6684CED229C8F9223245C6FF2C88FBAA5A">>},
 {<<"metrics">>, <<"25F094DEA2CDA98213CECC3AEFF09E940299D950904393B2A29D191C346A8486">>},
 {<<"mimerl">>, <<"993F9B0E084083405ED8252B99460C4F0563E41729AB42D9074FD5E52439BE88">>},
 {<<"ssl_verify_fun">>, <<"28A4D65B7F59893BC2C7DE786DEC1E1555BD742D336043FE644AE956C3497FBE">>}]}
].
